
Microsoft Visual Studio Solution File, Format Version 12.00
# Visual Studio 14
VisualStudioVersion = 14.0.25123.0
MinimumVisualStudioVersion = 10.0.40219.1
Project("{D954291E-2A0B-460D-934E-DC6B0785DB48}") = "ToolsPresentation", "ToolsPresentation\ToolsPresentation.shproj", "{8BE03C6A-5DD9-4DED-8A35-2FAC8B19EB66}"
EndProject
Project("{2150E333-8FDC-42A3-9474-1A3956D46DE8}") = "Solution Items", "Solution Items", "{9EE116A5-A6C2-4DFB-BF92-EED517D6CA64}"
	ProjectSection(SolutionItems) = preProject
		index.html = index.html
	EndProjectSection
EndProject
Project("{2150E333-8FDC-42A3-9474-1A3956D46DE8}") = "Styles", "Styles", "{E75F703A-830A-4D8F-B504-0C4DC94AB071}"
	ProjectSection(SolutionItems) = preProject
		layout.css = layout.css
	EndProjectSection
EndProject
Project("{2150E333-8FDC-42A3-9474-1A3956D46DE8}") = "Scripts", "Scripts", "{89EC0953-91E1-489A-B7CA-78464D3DD35F}"
	ProjectSection(SolutionItems) = preProject
		Script.js = Script.js
	EndProjectSection
EndProject
Project("{2150E333-8FDC-42A3-9474-1A3956D46DE8}") = "images", "images", "{F77FAA56-3216-499F-AC3E-08C05231AAC1}"
	ProjectSection(SolutionItems) = preProject
		bbl-browser-calories.PNG = bbl-browser-calories.PNG
		bbl-bundleminifier-1.png = bbl-bundleminifier-1.png
		bbl-catlight-notification.png = bbl-catlight-notification.png
		bbl-catlight-traystatus.jpg = bbl-catlight-traystatus.jpg
		bbl-codepen.PNG = bbl-codepen.PNG
		bbl-css-viewer-plugin.png = bbl-css-viewer-plugin.png
		bbl-ghostdoc-plugin.jpg = bbl-ghostdoc-plugin.jpg
		bbl-google-keep-2.jpg = bbl-google-keep-2.jpg
		bbl-google-keep.png = bbl-google-keep.png
		bbl-instapaper.PNG = bbl-instapaper.PNG
		bbl-minifier-plugin.png = bbl-minifier-plugin.png
		bbl-postman-logo.png = bbl-postman-logo.png
		bbl-regex101-example.jpg = bbl-regex101-example.jpg
		bbl-testmycss.png = bbl-testmycss.png
		bbl-todoist.PNG = bbl-todoist.PNG
		bbl-wappalyser.PNG = bbl-wappalyser.PNG
		bbl-web-developer.PNG = bbl-web-developer.PNG
		webcompiler-demo.png = webcompiler-demo.png
		webcompiler-logo.PNG = webcompiler-logo.PNG
	EndProjectSection
EndProject
Global
	GlobalSection(SharedMSBuildProjectFiles) = preSolution
		ToolsPresentation\ToolsPresentation.projitems*{8be03c6a-5dd9-4ded-8a35-2fac8b19eb66}*SharedItemsImports = 13
	EndGlobalSection
	GlobalSection(SolutionProperties) = preSolution
		HideSolutionNode = FALSE
	EndGlobalSection
	GlobalSection(NestedProjects) = preSolution
		{E75F703A-830A-4D8F-B504-0C4DC94AB071} = {9EE116A5-A6C2-4DFB-BF92-EED517D6CA64}
		{89EC0953-91E1-489A-B7CA-78464D3DD35F} = {9EE116A5-A6C2-4DFB-BF92-EED517D6CA64}
		{F77FAA56-3216-499F-AC3E-08C05231AAC1} = {9EE116A5-A6C2-4DFB-BF92-EED517D6CA64}
	EndGlobalSection
EndGlobal
